
Microsoft Visual Studio Solution File, Format Version 12.00
# Visual Studio 15
VisualStudioVersion = 15.0.27130.2027
MinimumVisualStudioVersion = 10.0.40219.1
Project("{FAE04EC0-301F-11D3-BF4B-00C04F79EFBC}") = "Resturaunt_Manager", "Resturaunt_Manager\Resturaunt_Manager.csproj", "{DC20D25E-B29D-4B92-A834-F51F032DC1FA}"
EndProject
Project("{2150E333-8FDC-42A3-9474-1A3956D46DE8}") = "api", "api", "{F4620C3C-4EE1-4C1C-AEED-B23DD90FB937}"
EndProject
Project("{2150E333-8FDC-42A3-9474-1A3956D46DE8}") = "Website", "Website", "{AAEB6191-0C3C-46B1-991B-76873E24BB3B}"
EndProject
Project("{2150E333-8FDC-42A3-9474-1A3956D46DE8}") = "APP", "APP", "{EC101BFC-98B2-4BB7-8ACB-3ED2EEC8DD52}"
EndProject
Global
	GlobalSection(SolutionConfigurationPlatforms) = preSolution
		Debug|Any CPU = Debug|Any CPU
		Release|Any CPU = Release|Any CPU
	EndGlobalSection
	GlobalSection(ProjectConfigurationPlatforms) = postSolution
		{DC20D25E-B29D-4B92-A834-F51F032DC1FA}.Debug|Any CPU.ActiveCfg = Debug|Any CPU
		{DC20D25E-B29D-4B92-A834-F51F032DC1FA}.Debug|Any CPU.Build.0 = Debug|Any CPU
		{DC20D25E-B29D-4B92-A834-F51F032DC1FA}.Release|Any CPU.ActiveCfg = Release|Any CPU
		{DC20D25E-B29D-4B92-A834-F51F032DC1FA}.Release|Any CPU.Build.0 = Release|Any CPU
	EndGlobalSection
	GlobalSection(SolutionProperties) = preSolution
		HideSolutionNode = FALSE
	EndGlobalSection
	GlobalSection(NestedProjects) = preSolution
		{DC20D25E-B29D-4B92-A834-F51F032DC1FA} = {F4620C3C-4EE1-4C1C-AEED-B23DD90FB937}
	EndGlobalSection
	GlobalSection(ExtensibilityGlobals) = postSolution
		SolutionGuid = {FFEBA637-9515-4541-AA05-59483D25D434}
	EndGlobalSection
EndGlobal
